// !$*UTF8*$!
{
	archiveVersion = 1;
	classes = {
	};
	objectVersion = 50;
	objects = {

/* Begin PBXBuildFile section */
		794B75A9250B110B00CCA758 /* AppDelegate.swift in Sources */ = {isa = PBXBuildFile; fileRef = 794B75A8250B110B00CCA758 /* AppDelegate.swift */; };
		794B75AB250B110B00CCA758 /* SceneDelegate.swift in Sources */ = {isa = PBXBuildFile; fileRef = 794B75AA250B110B00CCA758 /* SceneDelegate.swift */; };
		794B75AD250B110B00CCA758 /* ViewController.swift in Sources */ = {isa = PBXBuildFile; fileRef = 794B75AC250B110B00CCA758 /* ViewController.swift */; };
		794B75B0250B110B00CCA758 /* Main.storyboard in Resources */ = {isa = PBXBuildFile; fileRef = 794B75AE250B110B00CCA758 /* Main.storyboard */; };
		794B75B2250B110C00CCA758 /* Assets.xcassets in Resources */ = {isa = PBXBuildFile; fileRef = 794B75B1250B110C00CCA758 /* Assets.xcassets */; };
		794B75B5250B110C00CCA758 /* LaunchScreen.storyboard in Resources */ = {isa = PBXBuildFile; fileRef = 794B75B3250B110C00CCA758 /* LaunchScreen.storyboard */; };
/* End PBXBuildFile section */

/* Begin PBXFileReference section */
		794B75A5250B110B00CCA758 /* appWithXibBlank.app */ = {isa = PBXFileReference; explicitFileType = wrapper.application; includeInIndex = 0; path = appWithXibBlank.app; sourceTree = BUILT_PRODUCTS_DIR; };
		794B75A8250B110B00CCA758 /* AppDelegate.swift */ = {isa = PBXFileReference; lastKnownFileType = sourcecode.swift; path = AppDelegate.swift; sourceTree = "<group>"; };
		794B75AA250B110B00CCA758 /* SceneDelegate.swift */ = {isa = PBXFileReference; lastKnownFileType = sourcecode.swift; path = SceneDelegate.swift; sourceTree = "<group>"; };
		794B75AC250B110B00CCA758 /* ViewController.swift */ = {isa = PBXFileReference; lastKnownFileType = sourcecode.swift; path = ViewController.swift; sourceTree = "<group>"; };
		794B75AF250B110B00CCA758 /* Base */ = {isa = PBXFileReference; lastKnownFileType = file.storyboard; name = Base; path = Base.lproj/Main.storyboard; sourceTree = "<group>"; };
		794B75B1250B110C00CCA758 /* Assets.xcassets */ = {isa = PBXFileReference; lastKnownFileType = folder.assetcatalog; path = Assets.xcassets; sourceTree = "<group>"; };
		794B75B4250B110C00CCA758 /* Base */ = {isa = PBXFileReference; lastKnownFileType = file.storyboard; name = Base; path = Base.lproj/LaunchScreen.storyboard; sourceTree = "<group>"; };
		794B75B6250B110C00CCA758 /* Info.plist */ = {isa = PBXFileReference; lastKnownFileType = text.plist.xml; path = Info.plist; sourceTree = "<group>"; };
/* End PBXFileReference section */

/* Begin PBXFrameworksBuildPhase section */
		794B75A2250B110B00CCA758 /* Frameworks */ = {
			isa = PBXFrameworksBuildPhase;
			buildActionMask = 2147483647;
			files = (
			);
			runOnlyForDeploymentPostprocessing = 0;
		};
/* End PBXFrameworksBuildPhase section */

/* Begin PBXGroup section */
		794B759C250B110B00CCA758 = {
			isa = PBXGroup;
			children = (
				794B75A7250B110B00CCA758 /* appWithXibBlank */,
				794B75A6250B110B00CCA758 /* Products */,
			);
			sourceTree = "<group>";
		};
		794B75A6250B110B00CCA758 /* Products */ = {
			isa = PBXGroup;
			children = (
				794B75A5250B110B00CCA758 /* appWithXibBlank.app */,
			);
			name = Products;
			sourceTree = "<group>";
		};
		794B75A7250B110B00CCA758 /* appWithXibBlank */ = {
			isa = PBXGroup;
			children = (
				794B75A8250B110B00CCA758 /* AppDelegate.swift */,
				794B75AA250B110B00CCA758 /* SceneDelegate.swift */,
				794B75AC250B110B00CCA758 /* ViewController.swift */,
				794B75AE250B110B00CCA758 /* Main.storyboard */,
				794B75B1250B110C00CCA758 /* Assets.xcassets */,
				794B75B3250B110C00CCA758 /* LaunchScreen.storyboard */,
				794B75B6250B110C00CCA758 /* Info.plist */,
			);
			path = appWithXibBlank;
			sourceTree = "<group>";
		};
/* End PBXGroup section */

/* Begin PBXNativeTarget section */
		794B75A4250B110B00CCA758 /* appWithXibBlank */ = {
			isa = PBXNativeTarget;
			buildConfigurationList = 794B75B9250B110C00CCA758 /* Build configuration list for PBXNativeTarget "appWithXibBlank" */;
			buildPhases = (
				794B75A1250B110B00CCA758 /* Sources */,
				794B75A2250B110B00CCA758 /* Frameworks */,
				794B75A3250B110B00CCA758 /* Resources */,
			);
			buildRules = (
			);
			dependencies = (
			);
			name = appWithXibBlank;
			productName = appWithXibBlank;
			productReference = 794B75A5250B110B00CCA758 /* appWithXibBlank.app */;
			productType = "com.apple.product-type.application";
		};
/* End PBXNativeTarget section */

/* Begin PBXProject section */
		794B759D250B110B00CCA758 /* Project object */ = {
			isa = PBXProject;
			attributes = {
				LastSwiftUpdateCheck = 1160;
				LastUpgradeCheck = 1160;
				ORGANIZATIONNAME = junior;
				TargetAttributes = {
					794B75A4250B110B00CCA758 = {
						CreatedOnToolsVersion = 11.6;
					};
				};
			};
			buildConfigurationList = 794B75A0250B110B00CCA758 /* Build configuration list for PBXProject "appWithXibBlank" */;
			compatibilityVersion = "Xcode 9.3";
			developmentRegion = en;
			hasScannedForEncodings = 0;
			knownRegions = (
				en,
				Base,
			);
			mainGroup = 794B759C250B110B00CCA758;
			productRefGroup = 794B75A6250B110B00CCA758 /* Products */;
			projectDirPath = "";
			projectRoot = "";
			targets = (
				794B75A4250B110B00CCA758 /* appWithXibBlank */,
			);
		};
/* End PBXProject section */

/* Begin PBXResourcesBuildPhase section */
		794B75A3250B110B00CCA758 /* Resources */ = {
			isa = PBXResourcesBuildPhase;
			buildActionMask = 2147483647;
			files = (
				794B75B5250B110C00CCA758 /* LaunchScreen.storyboard in Resources */,
				794B75B2250B110C00CCA758 /* Assets.xcassets in Resources */,
				794B75B0250B110B00CCA758 /* Main.storyboard in Resources */,
			);
			runOnlyForDeploymentPostprocessing = 0;
		};
/* End PBXResourcesBuildPhase section */

/* Begin PBXSourcesBuildPhase section */
		794B75A1250B110B00CCA758 /* Sources */ = {
			isa = PBXSourcesBuildPhase;
			buildActionMask = 2147483647;
			files = (
				794B75AD250B110B00CCA758 /* ViewController.swift in Sources */,
				794B75A9250B110B00CCA758 /* AppDelegate.swift in Sources */,
				794B75AB250B110B00CCA758 /* SceneDelegate.swift in Sources */,
			);
			runOnlyForDeploymentPostprocessing = 0;
		};
/* End PBXSourcesBuildPhase section */

/* Begin PBXVariantGroup section */
		794B75AE250B110B00CCA758 /* Main.storyboard */ = {
			isa = PBXVariantGroup;
			children = (
				794B75AF250B110B00CCA758 /* Base */,
			);
			name = Main.storyboard;
			sourceTree = "<group>";
		};
		794B75B3250B110C00CCA758 /* LaunchScreen.storyboard */ = {
			isa = PBXVariantGroup;
			children = (
				794B75B4250B110C00CCA758 /* Base */,
			);
			name = LaunchScreen.storyboard;
			sourceTree = "<group>";
		};
/* End PBXVariantGroup section */

/* Begin XCBuildConfiguration section */
		794B75B7250B110C00CCA758 /* Debug */ = {
			isa = XCBuildConfiguration;
			buildSettings = {
				ALWAYS_SEARCH_USER_PATHS = NO;
				CLANG_ANALYZER_NONNULL = YES;
				CLANG_ANALYZER_NUMBER_OBJECT_CONVERSION = YES_AGGRESSIVE;
				CLANG_CXX_LANGUAGE_STANDARD = "gnu++14";
				CLANG_CXX_LIBRARY = "libc++";
				CLANG_ENABLE_MODULES = YES;
				CLANG_ENABLE_OBJC_ARC = YES;
				CLANG_ENABLE_OBJC_WEAK = YES;
				CLANG_WARN_BLOCK_CAPTURE_AUTORELEASING = YES;
				CLANG_WARN_BOOL_CONVERSION = YES;
				CLANG_WARN_COMMA = YES;
				CLANG_WARN_CONSTANT_CONVERSION = YES;
				CLANG_WARN_DEPRECATED_OBJC_IMPLEMENTATIONS = YES;
				CLANG_WARN_DIRECT_OBJC_ISA_USAGE = YES_ERROR;
				CLANG_WARN_DOCUMENTATION_COMMENTS = YES;
				CLANG_WARN_EMPTY_BODY = YES;
				CLANG_WARN_ENUM_CONVERSION = YES;
				CLANG_WARN_INFINITE_RECURSION = YES;
				CLANG_WARN_INT_CONVERSION = YES;
				CLANG_WARN_NON_LITERAL_NULL_CONVERSION = YES;
				CLANG_WARN_OBJC_IMPLICIT_RETAIN_SELF = YES;
				CLANG_WARN_OBJC_LITERAL_CONVERSION = YES;
				CLANG_WARN_OBJC_ROOT_CLASS = YES_ERROR;
				CLANG_WARN_RANGE_LOOP_ANALYSIS = YES;
				CLANG_WARN_STRICT_PROTOTYPES = YES;
				CLANG_WARN_SUSPICIOUS_MOVE = YES;
				CLANG_WARN_UNGUARDED_AVAILABILITY = YES_AGGRESSIVE;
				CLANG_WARN_UNREACHABLE_CODE = YES;
				CLANG_WARN__DUPLICATE_METHOD_MATCH = YES;
				COPY_PHASE_STRIP = NO;
				DEBUG_INFORMATION_FORMAT = dwarf;
				ENABLE_STRICT_OBJC_MSGSEND = YES;
				ENABLE_TESTABILITY = YES;
				GCC_C_LANGUAGE_STANDARD = gnu11;
				GCC_DYNAMIC_NO_PIC = NO;
				GCC_NO_COMMON_BLOCKS = YES;
				GCC_OPTIMIZATION_LEVEL = 0;
				GCC_PREPROCESSOR_DEFINITIONS = (
					"DEBUG=1",
					"$(inherited)",
				);
				GCC_WARN_64_TO_32_BIT_CONVERSION = YES;
				GCC_WARN_ABOUT_RETURN_TYPE = YES_ERROR;
				GCC_WARN_UNDECLARED_SELECTOR = YES;
				GCC_WARN_UNINITIALIZED_AUTOS = YES_AGGRESSIVE;
				GCC_WARN_UNUSED_FUNCTION = YES;
				GCC_WARN_UNUSED_VARIABLE = YES;
				IPHONEOS_DEPLOYMENT_TARGET = 13.6;
				MTL_ENABLE_DEBUG_INFO = INCLUDE_SOURCE;
				MTL_FAST_MATH = YES;
				ONLY_ACTIVE_ARCH = YES;
				SDKROOT = iphoneos;
				SWIFT_ACTIVE_COMPILATION_CONDITIONS = DEBUG;
				SWIFT_OPTIMIZATION_LEVEL = "-Onone";
			};
			name = Debug;
		};
		794B75B8250B110C00CCA758 /* Release */ = {
			isa = XCBuildConfiguration;
			buildSettings = {
				ALWAYS_SEARCH_USER_PATHS = NO;
				CLANG_ANALYZER_NONNULL = YES;
				CLANG_ANALYZER_NUMBER_OBJECT_CONVERSION = YES_AGGRESSIVE;
				CLANG_CXX_LANGUAGE_STANDARD = "gnu++14";
				CLANG_CXX_LIBRARY = "libc++";
				CLANG_ENABLE_MODULES = YES;
				CLANG_ENABLE_OBJC_ARC = YES;
				CLANG_ENABLE_OBJC_WEAK = YES;
				CLANG_WARN_BLOCK_CAPTURE_AUTORELEASING = YES;
				CLANG_WARN_BOOL_CONVERSION = YES;
				CLANG_WARN_COMMA = YES;
				CLANG_WARN_CONSTANT_CONVERSION = YES;
				CLANG_WARN_DEPRECATED_OBJC_IMPLEMENTATIONS = YES;
				CLANG_WARN_DIRECT_OBJC_ISA_USAGE = YES_ERROR;
				CLANG_WARN_DOCUMENTATION_COMMENTS = YES;
				CLANG_WARN_EMPTY_BODY = YES;
				CLANG_WARN_ENUM_CONVERSION = YES;
				CLANG_WARN_INFINITE_RECURSION = YES;
				CLANG_WARN_INT_CONVERSION = YES;
				CLANG_WARN_NON_LITERAL_NULL_CONVERSION = YES;
				CLANG_WARN_OBJC_IMPLICIT_RETAIN_SELF = YES;
				CLANG_WARN_OBJC_LITERAL_CONVERSION = YES;
				CLANG_WARN_OBJC_ROOT_CLASS = YES_ERROR;
				CLANG_WARN_RANGE_LOOP_ANALYSIS = YES;
				CLANG_WARN_STRICT_PROTOTYPES = YES;
				CLANG_WARN_SUSPICIOUS_MOVE = YES;
				CLANG_WARN_UNGUARDED_AVAILABILITY = YES_AGGRESSIVE;
				CLANG_WARN_UNREACHABLE_CODE = YES;
				CLANG_WARN__DUPLICATE_METHOD_MATCH = YES;
				COPY_PHASE_STRIP = NO;
				DEBUG_INFORMATION_FORMAT = "dwarf-with-dsym";
				ENABLE_NS_ASSERTIONS = NO;
				ENABLE_STRICT_OBJC_MSGSEND = YES;
				GCC_C_LANGUAGE_STANDARD = gnu11;
				GCC_NO_COMMON_BLOCKS = YES;
				GCC_WARN_64_TO_32_BIT_CONVERSION = YES;
				GCC_WARN_ABOUT_RETURN_TYPE = YES_ERROR;
				GCC_WARN_UNDECLARED_SELECTOR = YES;
				GCC_WARN_UNINITIALIZED_AUTOS = YES_AGGRESSIVE;
				GCC_WARN_UNUSED_FUNCTION = YES;
				GCC_WARN_UNUSED_VARIABLE = YES;
				IPHONEOS_DEPLOYMENT_TARGET = 13.6;
				MTL_ENABLE_DEBUG_INFO = NO;
				MTL_FAST_MATH = YES;
				SDKROOT = iphoneos;
				SWIFT_COMPILATION_MODE = wholemodule;
				SWIFT_OPTIMIZATION_LEVEL = "-O";
				VALIDATE_PRODUCT = YES;
			};
			name = Release;
		};
		794B75BA250B110C00CCA758 /* Debug */ = {
			isa = XCBuildConfiguration;
			buildSettings = {
				ASSETCATALOG_COMPILER_APPICON_NAME = AppIcon;
				CODE_SIGN_STYLE = Automatic;
				INFOPLIST_FILE = appWithXibBlank/Info.plist;
				LD_RUNPATH_SEARCH_PATHS = (
					"$(inherited)",
					"@executable_path/Frameworks",
				);
				PRODUCT_BUNDLE_IDENTIFIER = "all-win.software.appWithXibBlank";
				PRODUCT_NAME = "$(TARGET_NAME)";
				SWIFT_VERSION = 5.0;
				TARGETED_DEVICE_FAMILY = "1,2";
			};
			name = Debug;
		};
		794B75BB250B110C00CCA758 /* Release */ = {
			isa = XCBuildConfiguration;
			buildSettings = {
				ASSETCATALOG_COMPILER_APPICON_NAME = AppIcon;
				CODE_SIGN_STYLE = Automatic;
				INFOPLIST_FILE = appWithXibBlank/Info.plist;
				LD_RUNPATH_SEARCH_PATHS = (
					"$(inherited)",
					"@executable_path/Frameworks",
				);
				PRODUCT_BUNDLE_IDENTIFIER = "all-win.software.appWithXibBlank";
				PRODUCT_NAME = "$(TARGET_NAME)";
				SWIFT_VERSION = 5.0;
				TARGETED_DEVICE_FAMILY = "1,2";
			};
			name = Release;
		};
/* End XCBuildConfiguration section */

/* Begin XCConfigurationList section */
		794B75A0250B110B00CCA758 /* Build configuration list for PBXProject "appWithXibBlank" */ = {
			isa = XCConfigurationList;
			buildConfigurations = (
				794B75B7250B110C00CCA758 /* Debug */,
				794B75B8250B110C00CCA758 /* Release */,
			);
			defaultConfigurationIsVisible = 0;
			defaultConfigurationName = Release;
		};
		794B75B9250B110C00CCA758 /* Build configuration list for PBXNativeTarget "appWithXibBlank" */ = {
			isa = XCConfigurationList;
			buildConfigurations = (
				794B75BA250B110C00CCA758 /* Debug */,
				794B75BB250B110C00CCA758 /* Release */,
			);
			defaultConfigurationIsVisible = 0;
			defaultConfigurationName = Release;
		};
/* End XCConfigurationList section */
	};
	rootObject = 794B759D250B110B00CCA758 /* Project object */;
}
